
Microsoft Visual Studio Solution File, Format Version 12.00
# Visual Studio 15
VisualStudioVersion = 15.0.27130.2010
MinimumVisualStudioVersion = 10.0.40219.1
Project("{151D2E53-A2C4-4D7D-83FE-D05416EBD58E}") = "Deployments", "Deployments\Deployments.deployproj", "{7CA73FDF-EF15-41D0-B187-01C1A72C6A7C}"
EndProject
Project("{9A19103F-16F7-4668-BE54-9A1E7A4F7556}") = "MediaTransport2UNC.FunctionApps", "MediaTransport2UNC.FunctionApps\MediaTransport2UNC.FunctionApps.csproj", "{30A4BF8B-ECB0-47D8-B87E-AFDD6E368F6B}"
EndProject
Project("{2150E333-8FDC-42A3-9474-1A3956D46DE8}") = "docs", "docs", "{B809A05E-D892-4758-B4E8-B5553BAACC2F}"
	ProjectSection(SolutionItems) = preProject
		..\README.md = ..\README.md
	EndProjectSection
EndProject
Global
	GlobalSection(SolutionConfigurationPlatforms) = preSolution
		Debug|Any CPU = Debug|Any CPU
		Release|Any CPU = Release|Any CPU
	EndGlobalSection
	GlobalSection(ProjectConfigurationPlatforms) = postSolution
		{7CA73FDF-EF15-41D0-B187-01C1A72C6A7C}.Debug|Any CPU.ActiveCfg = Debug|Any CPU
		{7CA73FDF-EF15-41D0-B187-01C1A72C6A7C}.Debug|Any CPU.Build.0 = Debug|Any CPU
		{7CA73FDF-EF15-41D0-B187-01C1A72C6A7C}.Release|Any CPU.ActiveCfg = Release|Any CPU
		{7CA73FDF-EF15-41D0-B187-01C1A72C6A7C}.Release|Any CPU.Build.0 = Release|Any CPU
		{30A4BF8B-ECB0-47D8-B87E-AFDD6E368F6B}.Debug|Any CPU.ActiveCfg = Debug|Any CPU
		{30A4BF8B-ECB0-47D8-B87E-AFDD6E368F6B}.Debug|Any CPU.Build.0 = Debug|Any CPU
		{30A4BF8B-ECB0-47D8-B87E-AFDD6E368F6B}.Release|Any CPU.ActiveCfg = Release|Any CPU
		{30A4BF8B-ECB0-47D8-B87E-AFDD6E368F6B}.Release|Any CPU.Build.0 = Release|Any CPU
	EndGlobalSection
	GlobalSection(SolutionProperties) = preSolution
		HideSolutionNode = FALSE
	EndGlobalSection
	GlobalSection(ExtensibilityGlobals) = postSolution
		SolutionGuid = {FDC46A02-AC46-40EE-9A0F-37BF3759FF47}
	EndGlobalSection
EndGlobal
